
Microsoft Visual Studio Solution File, Format Version 12.00
# Visual Studio 15
VisualStudioVersion = 15.0.28307.779
MinimumVisualStudioVersion = 10.0.40219.1
Project("{FAE04EC0-301F-11D3-BF4B-00C04F79EFBC}") = "WebDemoPipeline", "WebDemoPipeline\WebDemoPipeline.csproj", "{D3C05EA8-5BD4-488E-AFB8-278C94674202}"
EndProject
Global
	GlobalSection(SolutionConfigurationPlatforms) = preSolution
		Debug|Any CPU = Debug|Any CPU
		Release|Any CPU = Release|Any CPU
	EndGlobalSection
	GlobalSection(ProjectConfigurationPlatforms) = postSolution
		{D3C05EA8-5BD4-488E-AFB8-278C94674202}.Debug|Any CPU.ActiveCfg = Debug|Any CPU
		{D3C05EA8-5BD4-488E-AFB8-278C94674202}.Debug|Any CPU.Build.0 = Debug|Any CPU
		{D3C05EA8-5BD4-488E-AFB8-278C94674202}.Release|Any CPU.ActiveCfg = Release|Any CPU
		{D3C05EA8-5BD4-488E-AFB8-278C94674202}.Release|Any CPU.Build.0 = Release|Any CPU
	EndGlobalSection
	GlobalSection(SolutionProperties) = preSolution
		HideSolutionNode = FALSE
	EndGlobalSection
	GlobalSection(ExtensibilityGlobals) = postSolution
		SolutionGuid = {1D9BEF0A-A55F-4A73-B7E9-906D2CCD1D8C}
	EndGlobalSection
EndGlobal
